
Microsoft Visual Studio Solution File, Format Version 12.00
# Visual Studio Version 17
VisualStudioVersion = 17.14.36414.22
MinimumVisualStudioVersion = 10.0.40219.1
Project("{FAE04EC0-301F-11D3-BF4B-00C04F79EFBC}") = "TeklaGroupFinder", "TeklaGroupFinder.csproj", "{ABED2E03-9CC6-4C86-A895-17070DF778B8}"
EndProject
Global
	GlobalSection(SolutionConfigurationPlatforms) = preSolution
		Debug|Any CPU = Debug|Any CPU
		Debug|x64 = Debug|x64
		Release|Any CPU = Release|Any CPU
		Release|x64 = Release|x64
	EndGlobalSection
	GlobalSection(ProjectConfigurationPlatforms) = postSolution
		{ABED2E03-9CC6-4C86-A895-17070DF778B8}.Debug|Any CPU.ActiveCfg = Debug|Any CPU
		{ABED2E03-9CC6-4C86-A895-17070DF778B8}.Debug|Any CPU.Build.0 = Debug|Any CPU
		{ABED2E03-9CC6-4C86-A895-17070DF778B8}.Debug|x64.ActiveCfg = Debug|x64
		{ABED2E03-9CC6-4C86-A895-17070DF778B8}.Debug|x64.Build.0 = Debug|x64
		{ABED2E03-9CC6-4C86-A895-17070DF778B8}.Release|Any CPU.ActiveCfg = Release|Any CPU
		{ABED2E03-9CC6-4C86-A895-17070DF778B8}.Release|Any CPU.Build.0 = Release|Any CPU
		{ABED2E03-9CC6-4C86-A895-17070DF778B8}.Release|x64.ActiveCfg = Release|x64
		{ABED2E03-9CC6-4C86-A895-17070DF778B8}.Release|x64.Build.0 = Release|x64
	EndGlobalSection
	GlobalSection(SolutionProperties) = preSolution
		HideSolutionNode = FALSE
	EndGlobalSection
	GlobalSection(ExtensibilityGlobals) = postSolution
		SolutionGuid = {067F76CC-E5AC-4F06-A743-20DB64636FE9}
	EndGlobalSection
EndGlobal
